
Microsoft Visual Studio Solution File, Format Version 12.00
# Visual Studio 15
VisualStudioVersion = 15.0.27703.2035
MinimumVisualStudioVersion = 10.0.40219.1
Project("{FAE04EC0-301F-11D3-BF4B-00C04F79EFBC}") = "MvcMovie", "MvcMovie\MvcMovie.csproj", "{70E8C609-6D22-44DD-ABDD-1F74D479F201}"
EndProject
Global
	GlobalSection(SolutionConfigurationPlatforms) = preSolution
		Debug|Any CPU = Debug|Any CPU
		Release|Any CPU = Release|Any CPU
	EndGlobalSection
	GlobalSection(ProjectConfigurationPlatforms) = postSolution
		{70E8C609-6D22-44DD-ABDD-1F74D479F201}.Debug|Any CPU.ActiveCfg = Debug|Any CPU
		{70E8C609-6D22-44DD-ABDD-1F74D479F201}.Debug|Any CPU.Build.0 = Debug|Any CPU
		{70E8C609-6D22-44DD-ABDD-1F74D479F201}.Release|Any CPU.ActiveCfg = Release|Any CPU
		{70E8C609-6D22-44DD-ABDD-1F74D479F201}.Release|Any CPU.Build.0 = Release|Any CPU
	EndGlobalSection
	GlobalSection(SolutionProperties) = preSolution
		HideSolutionNode = FALSE
	EndGlobalSection
	GlobalSection(ExtensibilityGlobals) = postSolution
		SolutionGuid = {F35084EE-E4CF-4665-BDF0-3B0D9390C42C}
	EndGlobalSection
EndGlobal
